
Microsoft Visual Studio Solution File, Format Version 12.00
# Visual Studio 15
VisualStudioVersion = 15.0.27703.2026
MinimumVisualStudioVersion = 10.0.40219.1
Project("{FAE04EC0-301F-11D3-BF4B-00C04F79EFBC}") = "无人超市PC管理端", "无人超市PC管理端\无人超市PC管理端.csproj", "{19563214-B3F8-4662-BC34-D4B7A1A8ADF2}"
EndProject
Project("{FAE04EC0-301F-11D3-BF4B-00C04F79EFBC}") = "门禁演示", "门禁演示\门禁演示.csproj", "{F553C15E-E2C9-4925-B46D-C2AC466D5979}"
EndProject
Global
	GlobalSection(SolutionConfigurationPlatforms) = preSolution
		Debug|Any CPU = Debug|Any CPU
		Release|Any CPU = Release|Any CPU
	EndGlobalSection
	GlobalSection(ProjectConfigurationPlatforms) = postSolution
		{19563214-B3F8-4662-BC34-D4B7A1A8ADF2}.Debug|Any CPU.ActiveCfg = Debug|Any CPU
		{19563214-B3F8-4662-BC34-D4B7A1A8ADF2}.Debug|Any CPU.Build.0 = Debug|Any CPU
		{19563214-B3F8-4662-BC34-D4B7A1A8ADF2}.Release|Any CPU.ActiveCfg = Release|Any CPU
		{19563214-B3F8-4662-BC34-D4B7A1A8ADF2}.Release|Any CPU.Build.0 = Release|Any CPU
		{F553C15E-E2C9-4925-B46D-C2AC466D5979}.Debug|Any CPU.ActiveCfg = Debug|Any CPU
		{F553C15E-E2C9-4925-B46D-C2AC466D5979}.Debug|Any CPU.Build.0 = Debug|Any CPU
		{F553C15E-E2C9-4925-B46D-C2AC466D5979}.Release|Any CPU.ActiveCfg = Release|Any CPU
		{F553C15E-E2C9-4925-B46D-C2AC466D5979}.Release|Any CPU.Build.0 = Release|Any CPU
	EndGlobalSection
	GlobalSection(SolutionProperties) = preSolution
		HideSolutionNode = FALSE
	EndGlobalSection
	GlobalSection(ExtensibilityGlobals) = postSolution
		SolutionGuid = {0784580F-71D5-4475-975C-C936255B5F8A}
	EndGlobalSection
EndGlobal
